
Microsoft Visual Studio Solution File, Format Version 12.00
# Visual Studio 15
VisualStudioVersion = 15.0.28307.1525
MinimumVisualStudioVersion = 10.0.40219.1
Project("{FAE04EC0-301F-11D3-BF4B-00C04F79EFBC}") = "TEM wavelength calculator", "TEM wavelength calculator\TEM wavelength calculator.csproj", "{6908E2FC-BD1F-4A09-87DA-9E3EF6AFB6DA}"
EndProject
Global
	GlobalSection(SolutionConfigurationPlatforms) = preSolution
		Debug|Any CPU = Debug|Any CPU
		Release|Any CPU = Release|Any CPU
	EndGlobalSection
	GlobalSection(ProjectConfigurationPlatforms) = postSolution
		{6908E2FC-BD1F-4A09-87DA-9E3EF6AFB6DA}.Debug|Any CPU.ActiveCfg = Debug|Any CPU
		{6908E2FC-BD1F-4A09-87DA-9E3EF6AFB6DA}.Debug|Any CPU.Build.0 = Debug|Any CPU
		{6908E2FC-BD1F-4A09-87DA-9E3EF6AFB6DA}.Release|Any CPU.ActiveCfg = Release|Any CPU
		{6908E2FC-BD1F-4A09-87DA-9E3EF6AFB6DA}.Release|Any CPU.Build.0 = Release|Any CPU
	EndGlobalSection
	GlobalSection(SolutionProperties) = preSolution
		HideSolutionNode = FALSE
	EndGlobalSection
	GlobalSection(ExtensibilityGlobals) = postSolution
		SolutionGuid = {526BFE32-239B-43D1-A3F7-2BAF8AAFAB77}
	EndGlobalSection
EndGlobal
